
Microsoft Visual Studio Solution File, Format Version 12.00
# Visual Studio Express 2012 for Web
Project("{FAE04EC0-301F-11D3-BF4B-00C04F79EFBC}") = "Ketama", "Ketama\Ketama.csproj", "{40818746-74CD-4846-8DA2-B4CD1158C960}"
EndProject
Project("{FAE04EC0-301F-11D3-BF4B-00C04F79EFBC}") = "Ketama.Tests", "KetamaTest\Ketama.Tests.csproj", "{8936A1BF-B656-4B1F-BA4A-51F71630BD27}"
EndProject
Global
	GlobalSection(SolutionConfigurationPlatforms) = preSolution
		Debug|Any CPU = Debug|Any CPU
		Release|Any CPU = Release|Any CPU
	EndGlobalSection
	GlobalSection(ProjectConfigurationPlatforms) = postSolution
		{40818746-74CD-4846-8DA2-B4CD1158C960}.Debug|Any CPU.ActiveCfg = Debug|Any CPU
		{40818746-74CD-4846-8DA2-B4CD1158C960}.Debug|Any CPU.Build.0 = Debug|Any CPU
		{40818746-74CD-4846-8DA2-B4CD1158C960}.Release|Any CPU.ActiveCfg = Release|Any CPU
		{40818746-74CD-4846-8DA2-B4CD1158C960}.Release|Any CPU.Build.0 = Release|Any CPU
		{8936A1BF-B656-4B1F-BA4A-51F71630BD27}.Debug|Any CPU.ActiveCfg = Debug|Any CPU
		{8936A1BF-B656-4B1F-BA4A-51F71630BD27}.Debug|Any CPU.Build.0 = Debug|Any CPU
		{8936A1BF-B656-4B1F-BA4A-51F71630BD27}.Release|Any CPU.ActiveCfg = Release|Any CPU
		{8936A1BF-B656-4B1F-BA4A-51F71630BD27}.Release|Any CPU.Build.0 = Release|Any CPU
	EndGlobalSection
	GlobalSection(SolutionProperties) = preSolution
		HideSolutionNode = FALSE
	EndGlobalSection
EndGlobal
